
Microsoft Visual Studio Solution File, Format Version 12.00
# Visual Studio Version 17
VisualStudioVersion = 17.5.002.0
MinimumVisualStudioVersion = 10.0.40219.1
Project("{9A19103F-16F7-4668-BE54-9A1E7A4F7556}") = "CSharpJunior_PromiseGroup", "CSharpJunior_PromiseGroup.csproj", "{4192526A-F60D-415C-A2FB-F32A14EE94F8}"
EndProject
Global
	GlobalSection(SolutionConfigurationPlatforms) = preSolution
		Debug|Any CPU = Debug|Any CPU
		Release|Any CPU = Release|Any CPU
	EndGlobalSection
	GlobalSection(ProjectConfigurationPlatforms) = postSolution
		{4192526A-F60D-415C-A2FB-F32A14EE94F8}.Debug|Any CPU.ActiveCfg = Debug|Any CPU
		{4192526A-F60D-415C-A2FB-F32A14EE94F8}.Debug|Any CPU.Build.0 = Debug|Any CPU
		{4192526A-F60D-415C-A2FB-F32A14EE94F8}.Release|Any CPU.ActiveCfg = Release|Any CPU
		{4192526A-F60D-415C-A2FB-F32A14EE94F8}.Release|Any CPU.Build.0 = Release|Any CPU
	EndGlobalSection
	GlobalSection(SolutionProperties) = preSolution
		HideSolutionNode = FALSE
	EndGlobalSection
	GlobalSection(ExtensibilityGlobals) = postSolution
		SolutionGuid = {C37A725C-3411-41C9-84A5-B3B66305B496}
	EndGlobalSection
EndGlobal
